# THIS IS AN AUTOGENERATED FILE. DO NOT EDIT THIS FILE DIRECTLY.
# yarn lockfile v1


nswag-portable@13.20.0-v.13:
  version "13.20.0-v.13"
  resolved "https://registry.yarnpkg.com/nswag-portable/-/nswag-portable-13.20.0-v.13.tgz#61eddbd7022f49977fe3c5283cdde257154a8b61"
  integrity sha512-vyzQPt9w0lLYyKZvHoxYU4Z5UhfONGsze6ykaUYn7k68Ga6kMIObYVAYdyBoJAoZVzdV19mQF6FzriJJ9tFXPQ==

react-query-swagger@^15.9.2:
  version "15.9.2"
  resolved "https://registry.yarnpkg.com/react-query-swagger/-/react-query-swagger-15.9.2.tgz#c4b9a16553e60adb877dec442429020a9f314772"
  integrity sha512-LzASvHy/3CiJ3NQ3mL87+mNWdy2RcHq+yfOc972rBwL9obVR7fyN3XjltGuw/dI0SEBJ9ZYc4OU9FqQkA8WNuQ==
  dependencies:
    nswag-portable "13.20.0-v.13"
